Microsoft Visual Studio Solution File, Format Version 12.00
# Visual Studio Version 17
VisualStudioVersion = 17.10.34628.347
MinimumVisualStudioVersion = 10.0.40219.1
Project("{FAE04EC0-301F-11D3-BF4B-00C04F79EFBC}") = "AspireTodo.AppHost", "AspireTodo.AppHost\AspireTodo.AppHost.csproj", "{B5C326AA-BC9F-4665-9DB9-0CA3AC95E18F}"
EndProject
Project("{9A19103F-16F7-4668-BE54-9A1E7A4F7556}") = "AspireTodo.ServiceDefaults", "AspireTodo.ServiceDefaults\AspireTodo.ServiceDefaults.csproj", "{92C871DA-A8D3-4C44-B881-FA7316462593}"
EndProject
Project("{9A19103F-16F7-4668-BE54-9A1E7A4F7556}") = "AspireTodo.ApiService", "AspireTodo.ApiService\AspireTodo.ApiService.csproj", "{39411E06-528E-46F3-9D5A-835E2C38A9B7}"
EndProject
Project("{9A19103F-16F7-4668-BE54-9A1E7A4F7556}") = "AspireTodo.Web", "AspireTodo.Web\AspireTodo.Web.csproj", "{0ED96AE8-7700-46F5-A85E-51EF997E32AF}"
EndProject
Project("{FAE04EC0-301F-11D3-BF4B-00C04F79EFBC}") = "AspireTodo.TodoDatabase", "AspireTodo.TodoDatabase\AspireTodo.TodoDatabase.csproj", "{44E9F692-656F-4F49-ADE0-E13159E36F1E}"
EndProject
Project("{9A19103F-16F7-4668-BE54-9A1E7A4F7556}") = "AspireTodo.TodoDatabaseManager", "AspireTodo.TodoDatabaseManager\AspireTodo.TodoDatabaseManager.csproj", "{B502AEA0-8862-4C6F-8450-6C80AAF79CCA}"
EndProject
Global
	GlobalSection(SolutionConfigurationPlatforms) = preSolution
		Debug|Any CPU = Debug|Any CPU
		Release|Any CPU = Release|Any CPU
	EndGlobalSection
	GlobalSection(ProjectConfigurationPlatforms) = postSolution
		{B5C326AA-BC9F-4665-9DB9-0CA3AC95E18F}.Debug|Any CPU.ActiveCfg = Debug|Any CPU
		{B5C326AA-BC9F-4665-9DB9-0CA3AC95E18F}.Debug|Any CPU.Build.0 = Debug|Any CPU
		{B5C326AA-BC9F-4665-9DB9-0CA3AC95E18F}.Release|Any CPU.ActiveCfg = Release|Any CPU
		{B5C326AA-BC9F-4665-9DB9-0CA3AC95E18F}.Release|Any CPU.Build.0 = Release|Any CPU
		{92C871DA-A8D3-4C44-B881-FA7316462593}.Debug|Any CPU.ActiveCfg = Debug|Any CPU
		{92C871DA-A8D3-4C44-B881-FA7316462593}.Debug|Any CPU.Build.0 = Debug|Any CPU
		{92C871DA-A8D3-4C44-B881-FA7316462593}.Release|Any CPU.ActiveCfg = Release|Any CPU
		{92C871DA-A8D3-4C44-B881-FA7316462593}.Release|Any CPU.Build.0 = Release|Any CPU
		{39411E06-528E-46F3-9D5A-835E2C38A9B7}.Debug|Any CPU.ActiveCfg = Debug|Any CPU
		{39411E06-528E-46F3-9D5A-835E2C38A9B7}.Debug|Any CPU.Build.0 = Debug|Any CPU
		{39411E06-528E-46F3-9D5A-835E2C38A9B7}.Release|Any CPU.ActiveCfg = Release|Any CPU
		{39411E06-528E-46F3-9D5A-835E2C38A9B7}.Release|Any CPU.Build.0 = Release|Any CPU
		{0ED96AE8-7700-46F5-A85E-51EF997E32AF}.Debug|Any CPU.ActiveCfg = Debug|Any CPU
		{0ED96AE8-7700-46F5-A85E-51EF997E32AF}.Debug|Any CPU.Build.0 = Debug|Any CPU
		{0ED96AE8-7700-46F5-A85E-51EF997E32AF}.Release|Any CPU.ActiveCfg = Release|Any CPU
		{0ED96AE8-7700-46F5-A85E-51EF997E32AF}.Release|Any CPU.Build.0 = Release|Any CPU
		{44E9F692-656F-4F49-ADE0-E13159E36F1E}.Debug|Any CPU.ActiveCfg = Debug|Any CPU
		{44E9F692-656F-4F49-ADE0-E13159E36F1E}.Debug|Any CPU.Build.0 = Debug|Any CPU
		{44E9F692-656F-4F49-ADE0-E13159E36F1E}.Release|Any CPU.ActiveCfg = Release|Any CPU
		{44E9F692-656F-4F49-ADE0-E13159E36F1E}.Release|Any CPU.Build.0 = Release|Any CPU
		{B502AEA0-8862-4C6F-8450-6C80AAF79CCA}.Debug|Any CPU.ActiveCfg = Debug|Any CPU
		{B502AEA0-8862-4C6F-8450-6C80AAF79CCA}.Debug|Any CPU.Build.0 = Debug|Any CPU
		{B502AEA0-8862-4C6F-8450-6C80AAF79CCA}.Release|Any CPU.ActiveCfg = Release|Any CPU
		{B502AEA0-8862-4C6F-8450-6C80AAF79CCA}.Release|Any CPU.Build.0 = Release|Any CPU
	EndGlobalSection
	GlobalSection(SolutionProperties) = preSolution
		HideSolutionNode = FALSE
	EndGlobalSection
	GlobalSection(ExtensibilityGlobals) = postSolution
		SolutionGuid = {7F65053D-0BE8-4F6B-B768-C2E597EE3ECB}
	EndGlobalSection
EndGlobal
